
Microsoft Visual Studio Solution File, Format Version 12.00
# Visual Studio Version 17
VisualStudioVersion = 17.8.34330.188
MinimumVisualStudioVersion = 10.0.40219.1
Project("{FAE04EC0-301F-11D3-BF4B-00C04F79EFBC}") = "Jenkins", "Jenkins.csproj", "{62FAE3AF-9A04-4B1D-B5C0-529CB55A104D}"
EndProject
Global
	GlobalSection(SolutionConfigurationPlatforms) = preSolution
		Debug|Any CPU = Debug|Any CPU
		Release|Any CPU = Release|Any CPU
	EndGlobalSection
	GlobalSection(ProjectConfigurationPlatforms) = postSolution
		{62FAE3AF-9A04-4B1D-B5C0-529CB55A104D}.Debug|Any CPU.ActiveCfg = Debug|Any CPU
		{62FAE3AF-9A04-4B1D-B5C0-529CB55A104D}.Debug|Any CPU.Build.0 = Debug|Any CPU
		{62FAE3AF-9A04-4B1D-B5C0-529CB55A104D}.Release|Any CPU.ActiveCfg = Release|Any CPU
		{62FAE3AF-9A04-4B1D-B5C0-529CB55A104D}.Release|Any CPU.Build.0 = Release|Any CPU
	EndGlobalSection
	GlobalSection(SolutionProperties) = preSolution
		HideSolutionNode = FALSE
	EndGlobalSection
	GlobalSection(ExtensibilityGlobals) = postSolution
		SolutionGuid = {3A07EF0A-C992-498B-AE75-DAFDD78B0FD7}
	EndGlobalSection
EndGlobal
